<Solution>
  <Folder Name="/src/">
    <Project Path="src/OurCut.App/OurCut.App.csproj" />
    <Project Path="src/OurCut.Core/OurCut.Core.csproj" />
    <Project Path="src/OurCut.Mcp/OurCut.Mcp.csproj" />
    <Project Path="src/OurCut.Media/OurCut.Media.csproj" />
    <Project Path="src/OurCut.Transcription/OurCut.Transcription.csproj" />
  </Folder>
  <Folder Name="/tests/">
    <Project Path="tests/OurCut.App.Tests/OurCut.App.Tests.csproj" />
    <Project Path="tests/OurCut.Core.Tests/OurCut.Core.Tests.csproj" />
    <Project Path="tests/OurCut.Mcp.Tests/OurCut.Mcp.Tests.csproj" />
    <Project Path="tests/OurCut.Media.Tests/OurCut.Media.Tests.csproj" />
    <Project Path="tests/OurCut.Transcription.Tests/OurCut.Transcription.Tests.csproj" />
  </Folder>
</Solution>
